
Microsoft Visual Studio Solution File, Format Version 9.00
# Visual Studio 2005
Project("{8BC9CEB8-8B4A-11D0-8D11-00A0C91BC942}") = "tests", "tests\tests.vcproj", "{CDFACF52-26E4-4165-8E44-94FB4A0AE063}"
EndProject
Project("{8BC9CEB8-8B4A-11D0-8D11-00A0C91BC942}") = "cylinder", "cylinder\cylinder.vcproj", "{7DB3BA0F-6092-4B54-8E49-6057306A1811}"
EndProject
Global
	GlobalSection(SolutionConfigurationPlatforms) = preSolution
		Debug|Win32 = Debug|Win32
		Release|Win32 = Release|Win32
	EndGlobalSection
	GlobalSection(ProjectConfigurationPlatforms) = postSolution
		{CDFACF52-26E4-4165-8E44-94FB4A0AE063}.Debug|Win32.ActiveCfg = Debug|Win32
		{CDFACF52-26E4-4165-8E44-94FB4A0AE063}.Debug|Win32.Build.0 = Debug|Win32
		{CDFACF52-26E4-4165-8E44-94FB4A0AE063}.Release|Win32.ActiveCfg = Release|Win32
		{CDFACF52-26E4-4165-8E44-94FB4A0AE063}.Release|Win32.Build.0 = Release|Win32
		{7DB3BA0F-6092-4B54-8E49-6057306A1811}.Debug|Win32.ActiveCfg = Debug|Win32
		{7DB3BA0F-6092-4B54-8E49-6057306A1811}.Debug|Win32.Build.0 = Debug|Win32
		{7DB3BA0F-6092-4B54-8E49-6057306A1811}.Release|Win32.ActiveCfg = Release|Win32
		{7DB3BA0F-6092-4B54-8E49-6057306A1811}.Release|Win32.Build.0 = Release|Win32
	EndGlobalSection
	GlobalSection(SolutionProperties) = preSolution
		HideSolutionNode = FALSE
	EndGlobalSection
EndGlobal
